{
  "name": "ajs-homework_3.1_test",
  "version": "1.0.0",
  "lockfileVersion": 2,
  "requires": true,
  "packages": {
    "": {
      "name": "ajs-homework_3.1_test",
      "version": "1.0.0",
      "license": "ISC",
      "dependencies": {
        "@alexanderandreevgit/ajs": "^1.0.0"
      }
    },
    "node_modules/@alexanderandreevgit/ajs": {
      "version": "1.0.0",
      "resolved": "https://npm.pkg.github.com/download/@alexanderandreevgit/ajs/1.0.0/201dfa9ca473a4001f0c34d702bdc61e62a2aaf2d01f0965a6221067c388163b",
      "integrity": "sha512-Odt4Z7K9v1MGj406CsGd3taaS3KOxET0N2Ng9adPzs4SklCkoHhOJGLK7r8Xq1o14eyiByLDDE/Jww1ZnieZ6g==",
      "license": "ISC"
    }
  },
  "dependencies": {
    "@alexanderandreevgit/ajs": {
      "version": "1.0.0",
      "resolved": "https://npm.pkg.github.com/download/@alexanderandreevgit/ajs/1.0.0/201dfa9ca473a4001f0c34d702bdc61e62a2aaf2d01f0965a6221067c388163b",
      "integrity": "sha512-Odt4Z7K9v1MGj406CsGd3taaS3KOxET0N2Ng9adPzs4SklCkoHhOJGLK7r8Xq1o14eyiByLDDE/Jww1ZnieZ6g=="
    }
  }
}
